
Microsoft Visual Studio Solution File, Format Version 12.00
# Visual Studio Express 2013 for Windows Desktop
VisualStudioVersion = 12.0.30723.0
MinimumVisualStudioVersion = 10.0.40219.1
Project("{FAE04EC0-301F-11D3-BF4B-00C04F79EFBC}") = "01.Customer", "01.Customer\01.Customer.csproj", "{403445F2-66C9-4520-BA26-D11B70978832}"
EndProject
Project("{FAE04EC0-301F-11D3-BF4B-00C04F79EFBC}") = "02.StringDisparser", "02.StringDisparser\02.StringDisparser.csproj", "{E4BB1711-4098-4785-B0C9-7A8AC6837A94}"
EndProject
Global
	GlobalSection(SolutionConfigurationPlatforms) = preSolution
		Debug|Any CPU = Debug|Any CPU
		Release|Any CPU = Release|Any CPU
	EndGlobalSection
	GlobalSection(ProjectConfigurationPlatforms) = postSolution
		{403445F2-66C9-4520-BA26-D11B70978832}.Debug|Any CPU.ActiveCfg = Debug|Any CPU
		{403445F2-66C9-4520-BA26-D11B70978832}.Debug|Any CPU.Build.0 = Debug|Any CPU
		{403445F2-66C9-4520-BA26-D11B70978832}.Release|Any CPU.ActiveCfg = Release|Any CPU
		{403445F2-66C9-4520-BA26-D11B70978832}.Release|Any CPU.Build.0 = Release|Any CPU
		{E4BB1711-4098-4785-B0C9-7A8AC6837A94}.Debug|Any CPU.ActiveCfg = Debug|Any CPU
		{E4BB1711-4098-4785-B0C9-7A8AC6837A94}.Debug|Any CPU.Build.0 = Debug|Any CPU
		{E4BB1711-4098-4785-B0C9-7A8AC6837A94}.Release|Any CPU.ActiveCfg = Release|Any CPU
		{E4BB1711-4098-4785-B0C9-7A8AC6837A94}.Release|Any CPU.Build.0 = Release|Any CPU
	EndGlobalSection
	GlobalSection(SolutionProperties) = preSolution
		HideSolutionNode = FALSE
	EndGlobalSection
EndGlobal
